hash: 22a76d69c371b98f3b4b5e1979c1a46d5811976683147feb48a1f0b544c7744e
updated: 2017-01-27T13:39:21.250705513-08:00
imports:
- name: github.com/aws/aws-sdk-go
  version: 45d21707a58c6bfdf7cf12197d054769d88f7d13
  subpackages:
  - aws
  - aws/awserr
  - aws/awsutil
  - aws/client
  - aws/client/metadata
  - aws/corehandlers
  - aws/credentials
  - aws/credentials/ec2rolecreds
  - aws/credentials/endpointcreds
  - aws/credentials/stscreds
  - aws/defaults
  - aws/ec2metadata
  - aws/request
  - aws/session
  - aws/signer/v4
  - private/endpoints
  - private/protocol
  - private/protocol/query
  - private/protocol/query/queryutil
  - private/protocol/rest
  - private/protocol/restxml
  - private/protocol/xml/xmlutil
  - private/waiter
  - service/s3
  - service/sts
- name: github.com/certifi/gocertifi
  version: a61bf5eafa3aee233ec8043e9da052447e5463dd
- name: github.com/evalphobia/logrus_sentry
  version: 162fd93cca6f0b1170f1b12c980a004744297f13
- name: github.com/getsentry/raven-go
  version: b8684db99b339af19aa6f067df3be9de6e995f89
- name: github.com/go-ini/ini
  version: 6e4869b434bd001f6983749881c7ead3545887d8
- name: github.com/golang/groupcache
  version: d092608c065831f1984ac9d332ca5b2c95a11f57
  subpackages:
  - singleflight
- name: github.com/jmespath/go-jmespath
  version: 3433f3ea46d9f8019119e7dd41274e112a2359a9
- name: github.com/oremj/sizedlrucache
  version: 5326b6e23442b2f33de3887e71d47d86c17cab56
- name: github.com/pkg/errors
  version: 645ef00459ed84a119197bfb8d8205042c6df63d
- name: github.com/Sirupsen/logrus
  version: 418b41d23a1bf978c06faea5313ba194650ac088
- name: go.mozilla.org/mozlog
  version: f4350d8f1cad600a1200703365a185c2009bf5e1
- name: go.mozilla.org/mozlogrus
  version: 011a6e72803ac0c0e4222c15de09ed6218bcda5b
testImports: []
