# This file is autogenerated, do not edit; changes may be undone by the next 'dep ensure'.


[[projects]]
  name = "github.com/alexcesaro/statsd"
  packages = ["."]
  revision = "7fea3f0d2fab1ad973e641e51dba45443a311a90"
  version = "v2.0.0"

[[projects]]
  name = "github.com/aws/aws-sdk-go"
  packages = ["aws","aws/awserr","aws/awsutil","aws/client","aws/client/metadata","aws/corehandlers","aws/credentials","aws/credentials/ec2rolecreds","aws/credentials/endpointcreds","aws/credentials/stscreds","aws/defaults","aws/ec2metadata","aws/request","aws/session","aws/signer/v4","private/endpoints","private/protocol","private/protocol/query","private/protocol/query/queryutil","private/protocol/rest","private/protocol/restxml","private/protocol/xml/xmlutil","private/waiter","service/s3","service/sts"]
  revision = "45d21707a58c6bfdf7cf12197d054769d88f7d13"
  version = "v1.5.2"

[[projects]]
  name = "github.com/certifi/gocertifi"
  packages = ["."]
  revision = "3fd9e1adb12b72d2f3f82191d49be9b93c69f67c"
  version = "2017.07.27"

[[projects]]
  name = "github.com/evalphobia/logrus_sentry"
  packages = ["."]
  revision = "9f8f2d05a621e616d9341ac75374eb8402ae0630"
  version = "v0.4.1"

[[projects]]
  branch = "master"
  name = "github.com/getsentry/raven-go"
  packages = ["."]
  revision = "d175f85701dfbf44cb0510114c9943e665e60907"

[[projects]]
  name = "github.com/go-ini/ini"
  packages = ["."]
  revision = "d3de07a94d22b4a0972deb4b96d790c2c0ce8333"
  version = "v1.28.0"

[[projects]]
  branch = "master"
  name = "github.com/golang/groupcache"
  packages = ["singleflight"]
  revision = "b710c8433bd175204919eb38776e944233235d03"

[[projects]]
  name = "github.com/jmespath/go-jmespath"
  packages = ["."]
  revision = "3433f3ea46d9f8019119e7dd41274e112a2359a9"
  version = "0.2.2"

[[projects]]
  name = "github.com/oremj/asyncstatsd"
  packages = ["."]
  revision = "6477e5987c7a8292d54c4abc17aa9bbf8b30a452"
  version = "v1.1.2"

[[projects]]
  branch = "master"
  name = "github.com/oremj/sizedlrucache"
  packages = ["."]
  revision = "5326b6e23442b2f33de3887e71d47d86c17cab56"

[[projects]]
  name = "github.com/pkg/errors"
  packages = ["."]
  revision = "645ef00459ed84a119197bfb8d8205042c6df63d"
  version = "v0.8.0"

[[projects]]
  name = "github.com/sirupsen/logrus"
  packages = ["."]
  revision = "a3f95b5c423586578a4e099b11a46c2479628cac"
  version = "1.0.2"

[[projects]]
  branch = "master"
  name = "go.mozilla.org/mozlog"
  packages = ["."]
  revision = "4bb13139d40339f59bf140d0f5f28be83b07cc58"

[[projects]]
  branch = "master"
  name = "go.mozilla.org/mozlogrus"
  packages = ["."]
  revision = "c97d20ca01613789b0c87089e39493537f4cad6b"

[[projects]]
  branch = "master"
  name = "golang.org/x/sys"
  packages = ["unix"]
  revision = "89d4068c4f4ccfd051a041f6088b8a7b8ecccb9c"

[solve-meta]
  analyzer-name = "dep"
  analyzer-version = 1
  inputs-digest = "7e9433f0b54e08b808052bc3ea46166e230067e0ca3bf6fc48621ce901359d2e"
  solver-name = "gps-cdcl"
  solver-version = 1
